
Microsoft Visual Studio Solution File, Format Version 12.00
# Visual Studio Version 17
VisualStudioVersion = 17.10.34607.79
MinimumVisualStudioVersion = 10.0.40219.1
Project("{FAE04EC0-301F-11D3-BF4B-00C04F79EFBC}") = "C4_Assignment", "C4_Assignment\C4_Assignment.csproj", "{339ED165-3025-4C12-8BED-34421E212381}"
EndProject
Global
	GlobalSection(SolutionConfigurationPlatforms) = preSolution
		Debug|Any CPU = Debug|Any CPU
		Release|Any CPU = Release|Any CPU
	EndGlobalSection
	GlobalSection(ProjectConfigurationPlatforms) = postSolution
		{339ED165-3025-4C12-8BED-34421E212381}.Debug|Any CPU.ActiveCfg = Debug|Any CPU
		{339ED165-3025-4C12-8BED-34421E212381}.Debug|Any CPU.Build.0 = Debug|Any CPU
		{339ED165-3025-4C12-8BED-34421E212381}.Release|Any CPU.ActiveCfg = Release|Any CPU
		{339ED165-3025-4C12-8BED-34421E212381}.Release|Any CPU.Build.0 = Release|Any CPU
	EndGlobalSection
	GlobalSection(SolutionProperties) = preSolution
		HideSolutionNode = FALSE
	EndGlobalSection
	GlobalSection(ExtensibilityGlobals) = postSolution
		SolutionGuid = {DCB328BE-7E44-4B69-9642-5EEF1BE48773}
	EndGlobalSection
EndGlobal
